%{"calliope": {:hex, :calliope, "0.3.0"},
  "cowboy": {:hex, :cowboy, "1.0.0"},
  "cowlib": {:hex, :cowlib, "1.0.1"},
  "plug": {:hex, :plug, "0.12.2"},
  "poison": {:hex, :poison, "1.4.0"},
  "ranch": {:hex, :ranch, "1.0.0"},
  "trot": {:git, "git://github.com/hexedpackets/trot.git", "214622c8e62081e1416c4bf1537f6a4a462ed2e3", []}}
